// !$*UTF8*$!
{
	archiveVersion = 1;
	classes = {
	};
	objectVersion = 55;
	objects = {

/* Begin PBXBuildFile section */
		6DBE5412284761F1002136CC /* AppDelegate.swift in Sources */ = {isa = PBXBuildFile; fileRef = 6DBE5411284761F1002136CC /* AppDelegate.swift */; };
		6DBE5414284761F1002136CC /* SceneDelegate.swift in Sources */ = {isa = PBXBuildFile; fileRef = 6DBE5413284761F1002136CC /* SceneDelegate.swift */; };
		6DBE5416284761F1002136CC /* MainScreenViewController.swift in Sources */ = {isa = PBXBuildFile; fileRef = 6DBE5415284761F1002136CC /* MainScreenViewController.swift */; };
		6DBE5419284761F1002136CC /* Main.storyboard in Resources */ = {isa = PBXBuildFile; fileRef = 6DBE5417284761F1002136CC /* Main.storyboard */; };
		6DBE541C284761F1002136CC /* HW25.xcdatamodeld in Sources */ = {isa = PBXBuildFile; fileRef = 6DBE541A284761F1002136CC /* HW25.xcdatamodeld */; };
		6DBE541E284761F2002136CC /* Assets.xcassets in Resources */ = {isa = PBXBuildFile; fileRef = 6DBE541D284761F2002136CC /* Assets.xcassets */; };
		6DBE5421284761F2002136CC /* LaunchScreen.storyboard in Resources */ = {isa = PBXBuildFile; fileRef = 6DBE541F284761F2002136CC /* LaunchScreen.storyboard */; };
		6DBE543628476C43002136CC /* StorageManager.swift in Sources */ = {isa = PBXBuildFile; fileRef = 6DBE543528476C43002136CC /* StorageManager.swift */; };
		6DCA7D9C28476E100024C9AE /* MainScreenView.swift in Sources */ = {isa = PBXBuildFile; fileRef = 6DCA7D9B28476E100024C9AE /* MainScreenView.swift */; };
		6DCA7D9F28476EDF0024C9AE /* Extention.swift in Sources */ = {isa = PBXBuildFile; fileRef = 6DCA7D9E28476EDF0024C9AE /* Extention.swift */; };
		6DCA7DA128476FA30024C9AE /* MainScreenViewModel.swift in Sources */ = {isa = PBXBuildFile; fileRef = 6DCA7DA028476FA30024C9AE /* MainScreenViewModel.swift */; };
		6DCA7DA328477AD70024C9AE /* MainScreenViewControllerDataSource.swift in Sources */ = {isa = PBXBuildFile; fileRef = 6DCA7DA228477AD70024C9AE /* MainScreenViewControllerDataSource.swift */; };
		6DCA7DA5284782450024C9AE /* MainScreenViewControllerDelegate.swift in Sources */ = {isa = PBXBuildFile; fileRef = 6DCA7DA4284782450024C9AE /* MainScreenViewControllerDelegate.swift */; };
/* End PBXBuildFile section */

/* Begin PBXFileReference section */
		6DBE540E284761F1002136CC /* HW25.app */ = {isa = PBXFileReference; explicitFileType = wrapper.application; includeInIndex = 0; path = HW25.app; sourceTree = BUILT_PRODUCTS_DIR; };
		6DBE5411284761F1002136CC /* AppDelegate.swift */ = {isa = PBXFileReference; lastKnownFileType = sourcecode.swift; path = AppDelegate.swift; sourceTree = "<group>"; };
		6DBE5413284761F1002136CC /* SceneDelegate.swift */ = {isa = PBXFileReference; lastKnownFileType = sourcecode.swift; path = SceneDelegate.swift; sourceTree = "<group>"; };
		6DBE5415284761F1002136CC /* MainScreenViewController.swift */ = {isa = PBXFileReference; lastKnownFileType = sourcecode.swift; path = MainScreenViewController.swift; sourceTree = "<group>"; };
		6DBE5418284761F1002136CC /* Base */ = {isa = PBXFileReference; lastKnownFileType = file.storyboard; name = Base; path = Base.lproj/Main.storyboard; sourceTree = "<group>"; };
		6DBE541B284761F1002136CC /* HW25.xcdatamodel */ = {isa = PBXFileReference; lastKnownFileType = wrapper.xcdatamodel; path = HW25.xcdatamodel; sourceTree = "<group>"; };
		6DBE541D284761F2002136CC /* Assets.xcassets */ = {isa = PBXFileReference; lastKnownFileType = folder.assetcatalog; path = Assets.xcassets; sourceTree = "<group>"; };
		6DBE5420284761F2002136CC /* Base */ = {isa = PBXFileReference; lastKnownFileType = file.storyboard; name = Base; path = Base.lproj/LaunchScreen.storyboard; sourceTree = "<group>"; };
		6DBE5422284761F2002136CC /* Info.plist */ = {isa = PBXFileReference; lastKnownFileType = text.plist.xml; path = Info.plist; sourceTree = "<group>"; };
		6DBE543528476C43002136CC /* StorageManager.swift */ = {isa = PBXFileReference; lastKnownFileType = sourcecode.swift; path = StorageManager.swift; sourceTree = "<group>"; };
		6DCA7D9B28476E100024C9AE /* MainScreenView.swift */ = {isa = PBXFileReference; lastKnownFileType = sourcecode.swift; path = MainScreenView.swift; sourceTree = "<group>"; };
		6DCA7D9E28476EDF0024C9AE /* Extention.swift */ = {isa = PBXFileReference; fileEncoding = 4; lastKnownFileType = sourcecode.swift; path = Extention.swift; sourceTree = "<group>"; };
		6DCA7DA028476FA30024C9AE /* MainScreenViewModel.swift */ = {isa = PBXFileReference; lastKnownFileType = sourcecode.swift; path = MainScreenViewModel.swift; sourceTree = "<group>"; };
		6DCA7DA228477AD70024C9AE /* MainScreenViewControllerDataSource.swift */ = {isa = PBXFileReference; lastKnownFileType = sourcecode.swift; path = MainScreenViewControllerDataSource.swift; sourceTree = "<group>"; };
		6DCA7DA4284782450024C9AE /* MainScreenViewControllerDelegate.swift */ = {isa = PBXFileReference; lastKnownFileType = sourcecode.swift; path = MainScreenViewControllerDelegate.swift; sourceTree = "<group>"; };
/* End PBXFileReference section */

/* Begin PBXFrameworksBuildPhase section */
		6DBE540B284761F1002136CC /* Frameworks */ = {
			isa = PBXFrameworksBuildPhase;
			buildActionMask = 2147483647;
			files = (
			);
			runOnlyForDeploymentPostprocessing = 0;
		};
/* End PBXFrameworksBuildPhase section */

/* Begin PBXGroup section */
		6DBE5405284761F1002136CC = {
			isa = PBXGroup;
			children = (
				6DBE5410284761F1002136CC /* HW25 */,
				6DBE540F284761F1002136CC /* Products */,
			);
			sourceTree = "<group>";
		};
		6DBE540F284761F1002136CC /* Products */ = {
			isa = PBXGroup;
			children = (
				6DBE540E284761F1002136CC /* HW25.app */,
			);
			name = Products;
			sourceTree = "<group>";
		};
		6DBE5410284761F1002136CC /* HW25 */ = {
			isa = PBXGroup;
			children = (
				6DBE5429284762B9002136CC /* Sources */,
				6DBE54282847629F002136CC /* Resources */,
			);
			path = HW25;
			sourceTree = "<group>";
		};
		6DBE54282847629F002136CC /* Resources */ = {
			isa = PBXGroup;
			children = (
				6DBE5417284761F1002136CC /* Main.storyboard */,
				6DBE541D284761F2002136CC /* Assets.xcassets */,
				6DBE541F284761F2002136CC /* LaunchScreen.storyboard */,
				6DBE5422284761F2002136CC /* Info.plist */,
			);
			path = Resources;
			sourceTree = "<group>";
		};
		6DBE5429284762B9002136CC /* Sources */ = {
			isa = PBXGroup;
			children = (
				6DBE542A284762D5002136CC /* App */,
				6DBE542B28476604002136CC /* MainScreen */,
				6DBE543128476AED002136CC /* DetailedScreen */,
				6DCA7D9D28476E530024C9AE /* Extention */,
				6DBE543028476851002136CC /* CodeData */,
			);
			path = Sources;
			sourceTree = "<group>";
		};
		6DBE542A284762D5002136CC /* App */ = {
			isa = PBXGroup;
			children = (
				6DBE5411284761F1002136CC /* AppDelegate.swift */,
				6DBE5413284761F1002136CC /* SceneDelegate.swift */,
			);
			path = App;
			sourceTree = "<group>";
		};
		6DBE542B28476604002136CC /* MainScreen */ = {
			isa = PBXGroup;
			children = (
				6DBE542C28476617002136CC /* Models */,
				6DBE542D28476631002136CC /* Views */,
				6DBE542F28476671002136CC /* Controllers */,
			);
			path = MainScreen;
			sourceTree = "<group>";
		};
		6DBE542C28476617002136CC /* Models */ = {
			isa = PBXGroup;
			children = (
				6DCA7DA028476FA30024C9AE /* MainScreenViewModel.swift */,
			);
			path = Models;
			sourceTree = "<group>";
		};
		6DBE542D28476631002136CC /* Views */ = {
			isa = PBXGroup;
			children = (
				6DCA7D9B28476E100024C9AE /* MainScreenView.swift */,
			);
			path = Views;
			sourceTree = "<group>";
		};
		6DBE542F28476671002136CC /* Controllers */ = {
			isa = PBXGroup;
			children = (
				6DBE5415284761F1002136CC /* MainScreenViewController.swift */,
				6DCA7DA228477AD70024C9AE /* MainScreenViewControllerDataSource.swift */,
				6DCA7DA4284782450024C9AE /* MainScreenViewControllerDelegate.swift */,
			);
			path = Controllers;
			sourceTree = "<group>";
		};
		6DBE543028476851002136CC /* CodeData */ = {
			isa = PBXGroup;
			children = (
				6DBE541A284761F1002136CC /* HW25.xcdatamodeld */,
				6DBE543528476C43002136CC /* StorageManager.swift */,
			);
			path = CodeData;
			sourceTree = "<group>";
		};
		6DBE543128476AED002136CC /* DetailedScreen */ = {
			isa = PBXGroup;
			children = (
				6DBE543428476B3A002136CC /* Models */,
				6DBE543328476B30002136CC /* Views */,
				6DBE543228476B27002136CC /* Controllers */,
			);
			path = DetailedScreen;
			sourceTree = "<group>";
		};
		6DBE543228476B27002136CC /* Controllers */ = {
			isa = PBXGroup;
			children = (
			);
			path = Controllers;
			sourceTree = "<group>";
		};
		6DBE543328476B30002136CC /* Views */ = {
			isa = PBXGroup;
			children = (
			);
			path = Views;
			sourceTree = "<group>";
		};
		6DBE543428476B3A002136CC /* Models */ = {
			isa = PBXGroup;
			children = (
			);
			path = Models;
			sourceTree = "<group>";
		};
		6DCA7D9D28476E530024C9AE /* Extention */ = {
			isa = PBXGroup;
			children = (
				6DCA7D9E28476EDF0024C9AE /* Extention.swift */,
			);
			path = Extention;
			sourceTree = "<group>";
		};
/* End PBXGroup section */

/* Begin PBXNativeTarget section */
		6DBE540D284761F1002136CC /* HW25 */ = {
			isa = PBXNativeTarget;
			buildConfigurationList = 6DBE5425284761F2002136CC /* Build configuration list for PBXNativeTarget "HW25" */;
			buildPhases = (
				6DBE540A284761F1002136CC /* Sources */,
				6DBE540B284761F1002136CC /* Frameworks */,
				6DBE540C284761F1002136CC /* Resources */,
			);
			buildRules = (
			);
			dependencies = (
			);
			name = HW25;
			productName = HW25;
			productReference = 6DBE540E284761F1002136CC /* HW25.app */;
			productType = "com.apple.product-type.application";
		};
/* End PBXNativeTarget section */

/* Begin PBXProject section */
		6DBE5406284761F1002136CC /* Project object */ = {
			isa = PBXProject;
			attributes = {
				BuildIndependentTargetsInParallel = 1;
				LastSwiftUpdateCheck = 1340;
				LastUpgradeCheck = 1340;
				TargetAttributes = {
					6DBE540D284761F1002136CC = {
						CreatedOnToolsVersion = 13.4;
					};
				};
			};
			buildConfigurationList = 6DBE5409284761F1002136CC /* Build configuration list for PBXProject "HW25" */;
			compatibilityVersion = "Xcode 13.0";
			developmentRegion = en;
			hasScannedForEncodings = 0;
			knownRegions = (
				en,
				Base,
			);
			mainGroup = 6DBE5405284761F1002136CC;
			productRefGroup = 6DBE540F284761F1002136CC /* Products */;
			projectDirPath = "";
			projectRoot = "";
			targets = (
				6DBE540D284761F1002136CC /* HW25 */,
			);
		};
/* End PBXProject section */

/* Begin PBXResourcesBuildPhase section */
		6DBE540C284761F1002136CC /* Resources */ = {
			isa = PBXResourcesBuildPhase;
			buildActionMask = 2147483647;
			files = (
				6DBE5421284761F2002136CC /* LaunchScreen.storyboard in Resources */,
				6DBE541E284761F2002136CC /* Assets.xcassets in Resources */,
				6DBE5419284761F1002136CC /* Main.storyboard in Resources */,
			);
			runOnlyForDeploymentPostprocessing = 0;
		};
/* End PBXResourcesBuildPhase section */

/* Begin PBXSourcesBuildPhase section */
		6DBE540A284761F1002136CC /* Sources */ = {
			isa = PBXSourcesBuildPhase;
			buildActionMask = 2147483647;
			files = (
				6DBE5416284761F1002136CC /* MainScreenViewController.swift in Sources */,
				6DCA7D9C28476E100024C9AE /* MainScreenView.swift in Sources */,
				6DBE5412284761F1002136CC /* AppDelegate.swift in Sources */,
				6DCA7DA328477AD70024C9AE /* MainScreenViewControllerDataSource.swift in Sources */,
				6DCA7DA5284782450024C9AE /* MainScreenViewControllerDelegate.swift in Sources */,
				6DBE543628476C43002136CC /* StorageManager.swift in Sources */,
				6DBE5414284761F1002136CC /* SceneDelegate.swift in Sources */,
				6DCA7DA128476FA30024C9AE /* MainScreenViewModel.swift in Sources */,
				6DBE541C284761F1002136CC /* HW25.xcdatamodeld in Sources */,
				6DCA7D9F28476EDF0024C9AE /* Extention.swift in Sources */,
			);
			runOnlyForDeploymentPostprocessing = 0;
		};
/* End PBXSourcesBuildPhase section */

/* Begin PBXVariantGroup section */
		6DBE5417284761F1002136CC /* Main.storyboard */ = {
			isa = PBXVariantGroup;
			children = (
				6DBE5418284761F1002136CC /* Base */,
			);
			name = Main.storyboard;
			sourceTree = "<group>";
		};
		6DBE541F284761F2002136CC /* LaunchScreen.storyboard */ = {
			isa = PBXVariantGroup;
			children = (
				6DBE5420284761F2002136CC /* Base */,
			);
			name = LaunchScreen.storyboard;
			sourceTree = "<group>";
		};
/* End PBXVariantGroup section */

/* Begin XCBuildConfiguration section */
		6DBE5423284761F2002136CC /* Debug */ = {
			isa = XCBuildConfiguration;
			buildSettings = {
				ALWAYS_SEARCH_USER_PATHS = NO;
				CLANG_ANALYZER_NONNULL = YES;
				CLANG_ANALYZER_NUMBER_OBJECT_CONVERSION = YES_AGGRESSIVE;
				CLANG_CXX_LANGUAGE_STANDARD = "gnu++17";
				CLANG_ENABLE_MODULES = YES;
				CLANG_ENABLE_OBJC_ARC = YES;
				CLANG_ENABLE_OBJC_WEAK = YES;
				CLANG_WARN_BLOCK_CAPTURE_AUTORELEASING = YES;
				CLANG_WARN_BOOL_CONVERSION = YES;
				CLANG_WARN_COMMA = YES;
				CLANG_WARN_CONSTANT_CONVERSION = YES;
				CLANG_WARN_DEPRECATED_OBJC_IMPLEMENTATIONS = YES;
				CLANG_WARN_DIRECT_OBJC_ISA_USAGE = YES_ERROR;
				CLANG_WARN_DOCUMENTATION_COMMENTS = YES;
				CLANG_WARN_EMPTY_BODY = YES;
				CLANG_WARN_ENUM_CONVERSION = YES;
				CLANG_WARN_INFINITE_RECURSION = YES;
				CLANG_WARN_INT_CONVERSION = YES;
				CLANG_WARN_NON_LITERAL_NULL_CONVERSION = YES;
				CLANG_WARN_OBJC_IMPLICIT_RETAIN_SELF = YES;
				CLANG_WARN_OBJC_LITERAL_CONVERSION = YES;
				CLANG_WARN_OBJC_ROOT_CLASS = YES_ERROR;
				CLANG_WARN_QUOTED_INCLUDE_IN_FRAMEWORK_HEADER = YES;
				CLANG_WARN_RANGE_LOOP_ANALYSIS = YES;
				CLANG_WARN_STRICT_PROTOTYPES = YES;
				CLANG_WARN_SUSPICIOUS_MOVE = YES;
				CLANG_WARN_UNGUARDED_AVAILABILITY = YES_AGGRESSIVE;
				CLANG_WARN_UNREACHABLE_CODE = YES;
				CLANG_WARN__DUPLICATE_METHOD_MATCH = YES;
				COPY_PHASE_STRIP = NO;
				DEBUG_INFORMATION_FORMAT = dwarf;
				ENABLE_STRICT_OBJC_MSGSEND = YES;
				ENABLE_TESTABILITY = YES;
				GCC_C_LANGUAGE_STANDARD = gnu11;
				GCC_DYNAMIC_NO_PIC = NO;
				GCC_NO_COMMON_BLOCKS = YES;
				GCC_OPTIMIZATION_LEVEL = 0;
				GCC_PREPROCESSOR_DEFINITIONS = (
					"DEBUG=1",
					"$(inherited)",
				);
				GCC_WARN_64_TO_32_BIT_CONVERSION = YES;
				GCC_WARN_ABOUT_RETURN_TYPE = YES_ERROR;
				GCC_WARN_UNDECLARED_SELECTOR = YES;
				GCC_WARN_UNINITIALIZED_AUTOS = YES_AGGRESSIVE;
				GCC_WARN_UNUSED_FUNCTION = YES;
				GCC_WARN_UNUSED_VARIABLE = YES;
				IPHONEOS_DEPLOYMENT_TARGET = 15.5;
				MTL_ENABLE_DEBUG_INFO = INCLUDE_SOURCE;
				MTL_FAST_MATH = YES;
				ONLY_ACTIVE_ARCH = YES;
				SDKROOT = iphoneos;
				SWIFT_ACTIVE_COMPILATION_CONDITIONS = DEBUG;
				SWIFT_OPTIMIZATION_LEVEL = "-Onone";
			};
			name = Debug;
		};
		6DBE5424284761F2002136CC /* Release */ = {
			isa = XCBuildConfiguration;
			buildSettings = {
				ALWAYS_SEARCH_USER_PATHS = NO;
				CLANG_ANALYZER_NONNULL = YES;
				CLANG_ANALYZER_NUMBER_OBJECT_CONVERSION = YES_AGGRESSIVE;
				CLANG_CXX_LANGUAGE_STANDARD = "gnu++17";
				CLANG_ENABLE_MODULES = YES;
				CLANG_ENABLE_OBJC_ARC = YES;
				CLANG_ENABLE_OBJC_WEAK = YES;
				CLANG_WARN_BLOCK_CAPTURE_AUTORELEASING = YES;
				CLANG_WARN_BOOL_CONVERSION = YES;
				CLANG_WARN_COMMA = YES;
				CLANG_WARN_CONSTANT_CONVERSION = YES;
				CLANG_WARN_DEPRECATED_OBJC_IMPLEMENTATIONS = YES;
				CLANG_WARN_DIRECT_OBJC_ISA_USAGE = YES_ERROR;
				CLANG_WARN_DOCUMENTATION_COMMENTS = YES;
				CLANG_WARN_EMPTY_BODY = YES;
				CLANG_WARN_ENUM_CONVERSION = YES;
				CLANG_WARN_INFINITE_RECURSION = YES;
				CLANG_WARN_INT_CONVERSION = YES;
				CLANG_WARN_NON_LITERAL_NULL_CONVERSION = YES;
				CLANG_WARN_OBJC_IMPLICIT_RETAIN_SELF = YES;
				CLANG_WARN_OBJC_LITERAL_CONVERSION = YES;
				CLANG_WARN_OBJC_ROOT_CLASS = YES_ERROR;
				CLANG_WARN_QUOTED_INCLUDE_IN_FRAMEWORK_HEADER = YES;
				CLANG_WARN_RANGE_LOOP_ANALYSIS = YES;
				CLANG_WARN_STRICT_PROTOTYPES = YES;
				CLANG_WARN_SUSPICIOUS_MOVE = YES;
				CLANG_WARN_UNGUARDED_AVAILABILITY = YES_AGGRESSIVE;
				CLANG_WARN_UNREACHABLE_CODE = YES;
				CLANG_WARN__DUPLICATE_METHOD_MATCH = YES;
				COPY_PHASE_STRIP = NO;
				DEBUG_INFORMATION_FORMAT = "dwarf-with-dsym";
				ENABLE_NS_ASSERTIONS = NO;
				ENABLE_STRICT_OBJC_MSGSEND = YES;
				GCC_C_LANGUAGE_STANDARD = gnu11;
				GCC_NO_COMMON_BLOCKS = YES;
				GCC_WARN_64_TO_32_BIT_CONVERSION = YES;
				GCC_WARN_ABOUT_RETURN_TYPE = YES_ERROR;
				GCC_WARN_UNDECLARED_SELECTOR = YES;
				GCC_WARN_UNINITIALIZED_AUTOS = YES_AGGRESSIVE;
				GCC_WARN_UNUSED_FUNCTION = YES;
				GCC_WARN_UNUSED_VARIABLE = YES;
				IPHONEOS_DEPLOYMENT_TARGET = 15.5;
				MTL_ENABLE_DEBUG_INFO = NO;
				MTL_FAST_MATH = YES;
				SDKROOT = iphoneos;
				SWIFT_COMPILATION_MODE = wholemodule;
				SWIFT_OPTIMIZATION_LEVEL = "-O";
				VALIDATE_PRODUCT = YES;
			};
			name = Release;
		};
		6DBE5426284761F2002136CC /* Debug */ = {
			isa = XCBuildConfiguration;
			buildSettings = {
				ASSETCATALOG_COMPILER_APPICON_NAME = AppIcon;
				ASSETCATALOG_COMPILER_GLOBAL_ACCENT_COLOR_NAME = AccentColor;
				CODE_SIGN_STYLE = Automatic;
				CURRENT_PROJECT_VERSION = 1;
				DEVELOPMENT_TEAM = ZB4T6SD8SN;
				GENERATE_INFOPLIST_FILE = YES;
				INFOPLIST_FILE = HW25/Resources/Info.plist;
				INFOPLIST_KEY_UIApplicationSupportsIndirectInputEvents = YES;
				INFOPLIST_KEY_UILaunchStoryboardName = LaunchScreen;
				INFOPLIST_KEY_UIMainStoryboardFile = Main;
				INFOPLIST_KEY_UISupportedInterfaceOrientations = UIInterfaceOrientationPortrait;
				INFOPLIST_KEY_UISupportedInterfaceOrientations_iPad = "UIInterfaceOrientationPortrait UIInterfaceOrientationPortraitUpsideDown UIInterfaceOrientationLandscapeLeft UIInterfaceOrientationLandscapeRight";
				INFOPLIST_KEY_UISupportedInterfaceOrientations_iPhone = "UIInterfaceOrientationPortrait UIInterfaceOrientationLandscapeLeft UIInterfaceOrientationLandscapeRight";
				LD_RUNPATH_SEARCH_PATHS = (
					"$(inherited)",
					"@executable_path/Frameworks",
				);
				MARKETING_VERSION = 1.0;
				PRODUCT_BUNDLE_IDENTIFIER = "Petrik-s-team.HW25";
				PRODUCT_NAME = "$(TARGET_NAME)";
				SWIFT_EMIT_LOC_STRINGS = YES;
				SWIFT_VERSION = 5.0;
				TARGETED_DEVICE_FAMILY = 1;
			};
			name = Debug;
		};
		6DBE5427284761F2002136CC /* Release */ = {
			isa = XCBuildConfiguration;
			buildSettings = {
				ASSETCATALOG_COMPILER_APPICON_NAME = AppIcon;
				ASSETCATALOG_COMPILER_GLOBAL_ACCENT_COLOR_NAME = AccentColor;
				CODE_SIGN_STYLE = Automatic;
				CURRENT_PROJECT_VERSION = 1;
				DEVELOPMENT_TEAM = ZB4T6SD8SN;
				GENERATE_INFOPLIST_FILE = YES;
				INFOPLIST_FILE = HW25/Resources/Info.plist;
				INFOPLIST_KEY_UIApplicationSupportsIndirectInputEvents = YES;
				INFOPLIST_KEY_UILaunchStoryboardName = LaunchScreen;
				INFOPLIST_KEY_UIMainStoryboardFile = Main;
				INFOPLIST_KEY_UISupportedInterfaceOrientations = UIInterfaceOrientationPortrait;
				INFOPLIST_KEY_UISupportedInterfaceOrientations_iPad = "UIInterfaceOrientationPortrait UIInterfaceOrientationPortraitUpsideDown UIInterfaceOrientationLandscapeLeft UIInterfaceOrientationLandscapeRight";
				INFOPLIST_KEY_UISupportedInterfaceOrientations_iPhone = "UIInterfaceOrientationPortrait UIInterfaceOrientationLandscapeLeft UIInterfaceOrientationLandscapeRight";
				LD_RUNPATH_SEARCH_PATHS = (
					"$(inherited)",
					"@executable_path/Frameworks",
				);
				MARKETING_VERSION = 1.0;
				PRODUCT_BUNDLE_IDENTIFIER = "Petrik-s-team.HW25";
				PRODUCT_NAME = "$(TARGET_NAME)";
				SWIFT_EMIT_LOC_STRINGS = YES;
				SWIFT_VERSION = 5.0;
				TARGETED_DEVICE_FAMILY = 1;
			};
			name = Release;
		};
/* End XCBuildConfiguration section */

/* Begin XCConfigurationList section */
		6DBE5409284761F1002136CC /* Build configuration list for PBXProject "HW25" */ = {
			isa = XCConfigurationList;
			buildConfigurations = (
				6DBE5423284761F2002136CC /* Debug */,
				6DBE5424284761F2002136CC /* Release */,
			);
			defaultConfigurationIsVisible = 0;
			defaultConfigurationName = Release;
		};
		6DBE5425284761F2002136CC /* Build configuration list for PBXNativeTarget "HW25" */ = {
			isa = XCConfigurationList;
			buildConfigurations = (
				6DBE5426284761F2002136CC /* Debug */,
				6DBE5427284761F2002136CC /* Release */,
			);
			defaultConfigurationIsVisible = 0;
			defaultConfigurationName = Release;
		};
/* End XCConfigurationList section */

/* Begin XCVersionGroup section */
		6DBE541A284761F1002136CC /* HW25.xcdatamodeld */ = {
			isa = XCVersionGroup;
			children = (
				6DBE541B284761F1002136CC /* HW25.xcdatamodel */,
			);
			currentVersion = 6DBE541B284761F1002136CC /* HW25.xcdatamodel */;
			path = HW25.xcdatamodeld;
			sourceTree = "<group>";
			versionGroupType = wrapper.xcdatamodel;
		};
/* End XCVersionGroup section */
	};
	rootObject = 6DBE5406284761F1002136CC /* Project object */;
}
